
Microsoft Visual Studio Solution File, Format Version 12.00
# Visual Studio Version 17
VisualStudioVersion = 17.10.34928.147
MinimumVisualStudioVersion = 10.0.40219.1
Project("{00D1A9C2-B5F0-4AF3-8072-F6C62B433612}") = "base de datos", "base de datos\base de datos.sqlproj", "{0A86D24F-98AC-4E0B-9642-CBA975A0C8B1}"
EndProject
Project("{FAE04EC0-301F-11D3-BF4B-00C04F79EFBC}") = "DA", "DA\DA.csproj", "{19FD20F4-86BD-473D-B73E-D4D230622876}"
EndProject
Project("{FAE04EC0-301F-11D3-BF4B-00C04F79EFBC}") = "Abstracciones", "Abstracciones\Abstracciones.csproj", "{EE3AC094-7271-4635-B30D-AC10C40A0579}"
EndProject
Project("{FAE04EC0-301F-11D3-BF4B-00C04F79EFBC}") = "SG", "SG\SG.csproj", "{D07E7ADE-0640-4319-9F86-ADE4615A8E8F}"
EndProject
Project("{FAE04EC0-301F-11D3-BF4B-00C04F79EFBC}") = "BC", "BC\BC.csproj", "{E258DFD7-1972-442F-B192-94CCD7698E4F}"
EndProject
Project("{FAE04EC0-301F-11D3-BF4B-00C04F79EFBC}") = "BW", "BW\BW.csproj", "{9DE81D89-A79B-44F5-A1DF-C48B66F15D8E}"
EndProject
Project("{FAE04EC0-301F-11D3-BF4B-00C04F79EFBC}") = "API", "API\API.csproj", "{EAB491EF-D832-4D60-B80D-BEBBE1AA80F1}"
EndProject
Global
	GlobalSection(SolutionConfigurationPlatforms) = preSolution
		Debug|Any CPU = Debug|Any CPU
		Release|Any CPU = Release|Any CPU
	EndGlobalSection
	GlobalSection(ProjectConfigurationPlatforms) = postSolution
		{0A86D24F-98AC-4E0B-9642-CBA975A0C8B1}.Debug|Any CPU.ActiveCfg = Debug|Any CPU
		{0A86D24F-98AC-4E0B-9642-CBA975A0C8B1}.Debug|Any CPU.Build.0 = Debug|Any CPU
		{0A86D24F-98AC-4E0B-9642-CBA975A0C8B1}.Debug|Any CPU.Deploy.0 = Debug|Any CPU
		{0A86D24F-98AC-4E0B-9642-CBA975A0C8B1}.Release|Any CPU.ActiveCfg = Release|Any CPU
		{0A86D24F-98AC-4E0B-9642-CBA975A0C8B1}.Release|Any CPU.Build.0 = Release|Any CPU
		{0A86D24F-98AC-4E0B-9642-CBA975A0C8B1}.Release|Any CPU.Deploy.0 = Release|Any CPU
		{19FD20F4-86BD-473D-B73E-D4D230622876}.Debug|Any CPU.ActiveCfg = Debug|Any CPU
		{19FD20F4-86BD-473D-B73E-D4D230622876}.Debug|Any CPU.Build.0 = Debug|Any CPU
		{19FD20F4-86BD-473D-B73E-D4D230622876}.Release|Any CPU.ActiveCfg = Release|Any CPU
		{19FD20F4-86BD-473D-B73E-D4D230622876}.Release|Any CPU.Build.0 = Release|Any CPU
		{EE3AC094-7271-4635-B30D-AC10C40A0579}.Debug|Any CPU.ActiveCfg = Debug|Any CPU
		{EE3AC094-7271-4635-B30D-AC10C40A0579}.Debug|Any CPU.Build.0 = Debug|Any CPU
		{EE3AC094-7271-4635-B30D-AC10C40A0579}.Release|Any CPU.ActiveCfg = Release|Any CPU
		{EE3AC094-7271-4635-B30D-AC10C40A0579}.Release|Any CPU.Build.0 = Release|Any CPU
		{D07E7ADE-0640-4319-9F86-ADE4615A8E8F}.Debug|Any CPU.ActiveCfg = Debug|Any CPU
		{D07E7ADE-0640-4319-9F86-ADE4615A8E8F}.Debug|Any CPU.Build.0 = Debug|Any CPU
		{D07E7ADE-0640-4319-9F86-ADE4615A8E8F}.Release|Any CPU.ActiveCfg = Release|Any CPU
		{D07E7ADE-0640-4319-9F86-ADE4615A8E8F}.Release|Any CPU.Build.0 = Release|Any CPU
		{E258DFD7-1972-442F-B192-94CCD7698E4F}.Debug|Any CPU.ActiveCfg = Debug|Any CPU
		{E258DFD7-1972-442F-B192-94CCD7698E4F}.Debug|Any CPU.Build.0 = Debug|Any CPU
		{E258DFD7-1972-442F-B192-94CCD7698E4F}.Release|Any CPU.ActiveCfg = Release|Any CPU
		{E258DFD7-1972-442F-B192-94CCD7698E4F}.Release|Any CPU.Build.0 = Release|Any CPU
		{9DE81D89-A79B-44F5-A1DF-C48B66F15D8E}.Debug|Any CPU.ActiveCfg = Debug|Any CPU
		{9DE81D89-A79B-44F5-A1DF-C48B66F15D8E}.Debug|Any CPU.Build.0 = Debug|Any CPU
		{9DE81D89-A79B-44F5-A1DF-C48B66F15D8E}.Release|Any CPU.ActiveCfg = Release|Any CPU
		{9DE81D89-A79B-44F5-A1DF-C48B66F15D8E}.Release|Any CPU.Build.0 = Release|Any CPU
		{EAB491EF-D832-4D60-B80D-BEBBE1AA80F1}.Debug|Any CPU.ActiveCfg = Debug|Any CPU
		{EAB491EF-D832-4D60-B80D-BEBBE1AA80F1}.Debug|Any CPU.Build.0 = Debug|Any CPU
		{EAB491EF-D832-4D60-B80D-BEBBE1AA80F1}.Release|Any CPU.ActiveCfg = Release|Any CPU
		{EAB491EF-D832-4D60-B80D-BEBBE1AA80F1}.Release|Any CPU.Build.0 = Release|Any CPU
	EndGlobalSection
	GlobalSection(SolutionProperties) = preSolution
		HideSolutionNode = FALSE
	EndGlobalSection
	GlobalSection(ExtensibilityGlobals) = postSolution
		SolutionGuid = {FFF04CDF-62D6-4AD9-ADAF-623B629B40B6}
	EndGlobalSection
EndGlobal
